
Microsoft Visual Studio Solution File, Format Version 12.00
# Visual Studio Version 17
VisualStudioVersion = 17.4.33213.308
MinimumVisualStudioVersion = 10.0.40219.1
Project("{2150E333-8FDC-42A3-9474-1A3956D46DE8}") = "1 - OOP", "1 - OOP", "{D5D2682F-7EA5-483E-B660-98E26C05FC9A}"
EndProject
Project("{9A19103F-16F7-4668-BE54-9A1E7A4F7556}") = "OOP", "OOP\OOP.csproj", "{832E5B44-FA99-4A64-A9A6-866862B56057}"
EndProject
Project("{2150E333-8FDC-42A3-9474-1A3956D46DE8}") = "2- SOLID", "2- SOLID", "{B28ECA48-0A2C-4CB5-A3BA-C64A7B0C77BB}"
EndProject
Project("{FAE04EC0-301F-11D3-BF4B-00C04F79EFBC}") = "SOLID", "SOLID\SOLID.csproj", "{27C5FCB0-0191-4814-B980-213ADFD35122}"
EndProject
Global
	GlobalSection(SolutionConfigurationPlatforms) = preSolution
		Debug|Any CPU = Debug|Any CPU
		Release|Any CPU = Release|Any CPU
	EndGlobalSection
	GlobalSection(ProjectConfigurationPlatforms) = postSolution
		{832E5B44-FA99-4A64-A9A6-866862B56057}.Debug|Any CPU.ActiveCfg = Debug|Any CPU
		{832E5B44-FA99-4A64-A9A6-866862B56057}.Debug|Any CPU.Build.0 = Debug|Any CPU
		{832E5B44-FA99-4A64-A9A6-866862B56057}.Release|Any CPU.ActiveCfg = Release|Any CPU
		{832E5B44-FA99-4A64-A9A6-866862B56057}.Release|Any CPU.Build.0 = Release|Any CPU
		{27C5FCB0-0191-4814-B980-213ADFD35122}.Debug|Any CPU.ActiveCfg = Debug|Any CPU
		{27C5FCB0-0191-4814-B980-213ADFD35122}.Debug|Any CPU.Build.0 = Debug|Any CPU
		{27C5FCB0-0191-4814-B980-213ADFD35122}.Release|Any CPU.ActiveCfg = Release|Any CPU
		{27C5FCB0-0191-4814-B980-213ADFD35122}.Release|Any CPU.Build.0 = Release|Any CPU
	EndGlobalSection
	GlobalSection(SolutionProperties) = preSolution
		HideSolutionNode = FALSE
	EndGlobalSection
	GlobalSection(NestedProjects) = preSolution
		{832E5B44-FA99-4A64-A9A6-866862B56057} = {D5D2682F-7EA5-483E-B660-98E26C05FC9A}
		{27C5FCB0-0191-4814-B980-213ADFD35122} = {B28ECA48-0A2C-4CB5-A3BA-C64A7B0C77BB}
	EndGlobalSection
	GlobalSection(ExtensibilityGlobals) = postSolution
		SolutionGuid = {39EED251-31AA-4BD0-BB2C-875EBF1207CF}
	EndGlobalSection
EndGlobal
